
Microsoft Visual Studio Solution File, Format Version 12.00
# Visual Studio Version 16
VisualStudioVersion = 16.0.29806.167
MinimumVisualStudioVersion = 10.0.40219.1
Project("{2150E333-8FDC-42A3-9474-1A3956D46DE8}") = "Solution Items", "Solution Items", "{B13CE1A5-93A7-4BF8-AC9E-D172123A383E}"
	ProjectSection(SolutionItems) = preProject
		Database\Database.ssmssln = Database\Database.ssmssln
	EndProjectSection
EndProject
Project("{9A19103F-16F7-4668-BE54-9A1E7A4F7556}") = "DomainCore", "DomainCore\DomainCore.csproj", "{31C70F63-BFB4-49E0-B887-E558E14BED9B}"
EndProject
Project("{9A19103F-16F7-4668-BE54-9A1E7A4F7556}") = "Test", "Test\Test.csproj", "{91972805-07DC-41BC-9F5C-19C53137B927}"
EndProject
Project("{9A19103F-16F7-4668-BE54-9A1E7A4F7556}") = "WebAppMVC", "WebAppMVC\WebAppMVC.csproj", "{99D86844-50CA-4C8C-9AED-290E8A635AF8}"
EndProject
Global
	GlobalSection(SolutionConfigurationPlatforms) = preSolution
		Debug|Any CPU = Debug|Any CPU
		Release|Any CPU = Release|Any CPU
	EndGlobalSection
	GlobalSection(ProjectConfigurationPlatforms) = postSolution
		{31C70F63-BFB4-49E0-B887-E558E14BED9B}.Debug|Any CPU.ActiveCfg = Debug|Any CPU
		{31C70F63-BFB4-49E0-B887-E558E14BED9B}.Debug|Any CPU.Build.0 = Debug|Any CPU
		{31C70F63-BFB4-49E0-B887-E558E14BED9B}.Release|Any CPU.ActiveCfg = Release|Any CPU
		{31C70F63-BFB4-49E0-B887-E558E14BED9B}.Release|Any CPU.Build.0 = Release|Any CPU
		{91972805-07DC-41BC-9F5C-19C53137B927}.Debug|Any CPU.ActiveCfg = Debug|Any CPU
		{91972805-07DC-41BC-9F5C-19C53137B927}.Debug|Any CPU.Build.0 = Debug|Any CPU
		{91972805-07DC-41BC-9F5C-19C53137B927}.Release|Any CPU.ActiveCfg = Release|Any CPU
		{91972805-07DC-41BC-9F5C-19C53137B927}.Release|Any CPU.Build.0 = Release|Any CPU
		{99D86844-50CA-4C8C-9AED-290E8A635AF8}.Debug|Any CPU.ActiveCfg = Debug|Any CPU
		{99D86844-50CA-4C8C-9AED-290E8A635AF8}.Debug|Any CPU.Build.0 = Debug|Any CPU
		{99D86844-50CA-4C8C-9AED-290E8A635AF8}.Release|Any CPU.ActiveCfg = Release|Any CPU
		{99D86844-50CA-4C8C-9AED-290E8A635AF8}.Release|Any CPU.Build.0 = Release|Any CPU
	EndGlobalSection
	GlobalSection(SolutionProperties) = preSolution
		HideSolutionNode = FALSE
	EndGlobalSection
	GlobalSection(ExtensibilityGlobals) = postSolution
		SolutionGuid = {CA71C13A-849E-45EE-A39E-6D665D1F6D70}
	EndGlobalSection
EndGlobal
